
Microsoft Visual Studio Solution File, Format Version 12.00
# Visual Studio Version 17
VisualStudioVersion = 17.14.36429.23
MinimumVisualStudioVersion = 10.0.40219.1
Project("{2150E333-8FDC-42A3-9474-1A3956D46DE8}") = "Task0", "Task0", "{C6E77C23-B5AB-4CD3-A9AB-B7DA3CFF4213}"
EndProject
Project("{FAE04EC0-301F-11D3-BF4B-00C04F79EFBC}") = "Tyuiu.BayazitovEA.Sprint4.V24.Lib", "Tyuiu.BayazitovEA.Sprint4.V24.Lib\Tyuiu.BayazitovEA.Sprint4.V24.Lib.csproj", "{A0CBAB2D-E9F9-4061-A710-016C8ED97512}"
EndProject
Project("{FAE04EC0-301F-11D3-BF4B-00C04F79EFBC}") = "Tyuiu.BayazitovEA.Sprint4.V24", "Tyuiu.BayazitovEA.Sprint4.V24\Tyuiu.BayazitovEA.Sprint4.V24.csproj", "{E53335CE-F7DA-42D5-888D-E1A36B529E42}"
EndProject
Project("{FAE04EC0-301F-11D3-BF4B-00C04F79EFBC}") = "Tyuiu.BayazitovEA.Sprint4.V24.Test", "Tyuiu.BayazitovEA.Sprint4.V24.Test\Tyuiu.BayazitovEA.Sprint4.V24.Test.csproj", "{02313045-EC6A-4D37-8B29-F2E9AD395576}"
EndProject
Global
	GlobalSection(SolutionConfigurationPlatforms) = preSolution
		Debug|Any CPU = Debug|Any CPU
		Release|Any CPU = Release|Any CPU
	EndGlobalSection
	GlobalSection(ProjectConfigurationPlatforms) = postSolution
		{A0CBAB2D-E9F9-4061-A710-016C8ED97512}.Debug|Any CPU.ActiveCfg = Debug|Any CPU
		{A0CBAB2D-E9F9-4061-A710-016C8ED97512}.Debug|Any CPU.Build.0 = Debug|Any CPU
		{A0CBAB2D-E9F9-4061-A710-016C8ED97512}.Release|Any CPU.ActiveCfg = Release|Any CPU
		{A0CBAB2D-E9F9-4061-A710-016C8ED97512}.Release|Any CPU.Build.0 = Release|Any CPU
		{E53335CE-F7DA-42D5-888D-E1A36B529E42}.Debug|Any CPU.ActiveCfg = Debug|Any CPU
		{E53335CE-F7DA-42D5-888D-E1A36B529E42}.Debug|Any CPU.Build.0 = Debug|Any CPU
		{E53335CE-F7DA-42D5-888D-E1A36B529E42}.Release|Any CPU.ActiveCfg = Release|Any CPU
		{E53335CE-F7DA-42D5-888D-E1A36B529E42}.Release|Any CPU.Build.0 = Release|Any CPU
		{02313045-EC6A-4D37-8B29-F2E9AD395576}.Debug|Any CPU.ActiveCfg = Debug|Any CPU
		{02313045-EC6A-4D37-8B29-F2E9AD395576}.Debug|Any CPU.Build.0 = Debug|Any CPU
		{02313045-EC6A-4D37-8B29-F2E9AD395576}.Release|Any CPU.ActiveCfg = Release|Any CPU
		{02313045-EC6A-4D37-8B29-F2E9AD395576}.Release|Any CPU.Build.0 = Release|Any CPU
	EndGlobalSection
	GlobalSection(SolutionProperties) = preSolution
		HideSolutionNode = FALSE
	EndGlobalSection
	GlobalSection(NestedProjects) = preSolution
		{A0CBAB2D-E9F9-4061-A710-016C8ED97512} = {C6E77C23-B5AB-4CD3-A9AB-B7DA3CFF4213}
		{E53335CE-F7DA-42D5-888D-E1A36B529E42} = {C6E77C23-B5AB-4CD3-A9AB-B7DA3CFF4213}
		{02313045-EC6A-4D37-8B29-F2E9AD395576} = {C6E77C23-B5AB-4CD3-A9AB-B7DA3CFF4213}
	EndGlobalSection
	GlobalSection(ExtensibilityGlobals) = postSolution
		SolutionGuid = {5849DDAD-9501-42C3-A361-306E4A9C499B}
	EndGlobalSection
EndGlobal
