
Microsoft Visual Studio Solution File, Format Version 12.00
# Visual Studio Version 17
VisualStudioVersion = 17.14.36429.23
MinimumVisualStudioVersion = 10.0.40219.1
Project("{2150E333-8FDC-42A3-9474-1A3956D46DE8}") = "Task0", "Task0", "{02EA681E-C7D8-13C7-8484-4AC65E1B71E8}"
EndProject
Project("{FAE04EC0-301F-11D3-BF4B-00C04F79EFBC}") = "Tyuiu.BayazitovEA.Sprint4.Task0.V24.Lib", "Tyuiu.BayazitovEA.Sprint4.Task0.V24.Lib\Tyuiu.BayazitovEA.Sprint4.Task0.V24.Lib.csproj", "{529E00DB-68FF-45AE-830D-2EFCD89B2D48}"
EndProject
Project("{FAE04EC0-301F-11D3-BF4B-00C04F79EFBC}") = "Tyuiu.BayazitovEA.Sprint4.Task0.V24.Test", "Tyuiu.BayazitovEA.Sprint4.Task0.V24.Test\Tyuiu.BayazitovEA.Sprint4.Task0.V24.Test.csproj", "{12C37D84-C62C-440C-BFB2-AEC2A0AFD513}"
EndProject
Project("{FAE04EC0-301F-11D3-BF4B-00C04F79EFBC}") = "Tyuiu.BayazitovEA.Sprint4.Task0.V24", "Tyuiu.BayazitovEA.Sprint4.Task0.V24\Tyuiu.BayazitovEA.Sprint4.Task0.V24.csproj", "{F6A9B7A6-6B3E-4EA3-B32B-DF040AD773D5}"
EndProject
Project("{2150E333-8FDC-42A3-9474-1A3956D46DE8}") = "Task1", "Task1", "{FD9779A5-09E8-47F9-9A19-73013E5CDE4B}"
EndProject
Project("{FAE04EC0-301F-11D3-BF4B-00C04F79EFBC}") = "Tyuiu.BayazitovEA.Sprint4.Task1.V3.Lib", "Tyuiu.BayazitovEA.Sprint4.Task1.V3.Lib\Tyuiu.BayazitovEA.Sprint4.Task1.V3.Lib.csproj", "{C1249B4A-093C-47B0-804B-D276EFE42EA2}"
EndProject
Project("{FAE04EC0-301F-11D3-BF4B-00C04F79EFBC}") = "Tyuiu.BayazitovEA.Sprint4.Task1.V3", "Tyuiu.BayazitovEA.Sprint4.Task1.V3\Tyuiu.BayazitovEA.Sprint4.Task1.V3.csproj", "{5B573520-4AE0-4872-BAE7-54E6CC0F83FA}"
EndProject
Project("{FAE04EC0-301F-11D3-BF4B-00C04F79EFBC}") = "Tyuiu.BayazitovEA.Sprint4.Task1.V3.Test", "Tyuiu.BayazitovEA.Sprint4.Task1.V3.Test\Tyuiu.BayazitovEA.Sprint4.Task1.V3.Test.csproj", "{34BBC759-FCB6-4376-B80D-49757E9CDA21}"
EndProject
Project("{2150E333-8FDC-42A3-9474-1A3956D46DE8}") = "Task2", "Task2", "{BA3EB77E-7737-49B0-A1AA-58B5A61F0D03}"
EndProject
Project("{FAE04EC0-301F-11D3-BF4B-00C04F79EFBC}") = "Tyuiu.BayazitovEA.Sprint4.Task2.V21.Lib", "Tyuiu.BayazitovEA.Sprint4.Task2.V21.Lib\Tyuiu.BayazitovEA.Sprint4.Task2.V21.Lib.csproj", "{C6C4437C-8A0B-4BB7-A561-B27294F2A18A}"
EndProject
Project("{FAE04EC0-301F-11D3-BF4B-00C04F79EFBC}") = "Tyuiu.BayazitovEA.Sprint4.Task2.V21.Test", "Tyuiu.BayazitovEA.Sprint4.Task2.V21.Test\Tyuiu.BayazitovEA.Sprint4.Task2.V21.Test.csproj", "{BFC08F14-EA67-46B6-A80B-0A705F5F4941}"
EndProject
Project("{FAE04EC0-301F-11D3-BF4B-00C04F79EFBC}") = "Tyuiu.BayazitovEA.Sprint4.Task2.V21", "Tyuiu.BayazitovEA.Sprint4.Task2.V21\Tyuiu.BayazitovEA.Sprint4.Task2.V21.csproj", "{80A6C74E-A38B-4CB3-B61C-5012D967EC6F}"
EndProject
Project("{2150E333-8FDC-42A3-9474-1A3956D46DE8}") = "Task3", "Task3", "{A1F5413C-D838-4BF1-A8B2-E13CFB599230}"
EndProject
Project("{FAE04EC0-301F-11D3-BF4B-00C04F79EFBC}") = "Tyuiu.BayazitovEA.Sprint4.Task3.V23.Lib", "Tyuiu.BayazitovEA.Sprint4.Task3.V23.Lib\Tyuiu.BayazitovEA.Sprint4.Task3.V23.Lib.csproj", "{3B6A6EF2-439C-4284-B927-30EBFD275326}"
EndProject
Project("{FAE04EC0-301F-11D3-BF4B-00C04F79EFBC}") = "Tyuiu.BayazitovEA.Sprint4.Task3.V23", "Tyuiu.BayazitovEA.Sprint4.Task3.V23\Tyuiu.BayazitovEA.Sprint4.Task3.V23.csproj", "{2413B2A8-F3DD-439D-A9E5-081CF3F6BD2E}"
EndProject
Project("{FAE04EC0-301F-11D3-BF4B-00C04F79EFBC}") = "Tyuiu.BayazitovEA.Sprint4.Task3.V23.Test", "Tyuiu.BayazitovEA.Sprint4.Task3.V23.Test\Tyuiu.BayazitovEA.Sprint4.Task3.V23.Test.csproj", "{F8E3B4ED-893E-4BA0-A105-A92C4934D934}"
EndProject
Project("{2150E333-8FDC-42A3-9474-1A3956D46DE8}") = "Task4", "Task4", "{F756FDD2-9663-46E5-AA4D-A66B1218BD09}"
EndProject
Project("{FAE04EC0-301F-11D3-BF4B-00C04F79EFBC}") = "Tyuiu.BayazitovEA.Sprint4.Task4.V12.Lib", "Tyuiu.BayazitovEA.Sprint4.Task4.V12.Lib\Tyuiu.BayazitovEA.Sprint4.Task4.V12.Lib.csproj", "{A9B7D61C-333F-4B21-BDC6-AEA21262B985}"
EndProject
Project("{FAE04EC0-301F-11D3-BF4B-00C04F79EFBC}") = "Tyuiu.BayazitovEA.Sprint4.Task4.V12.Test", "Tyuiu.BayazitovEA.Sprint4.Task4.V12.Test\Tyuiu.BayazitovEA.Sprint4.Task4.V12.Test.csproj", "{1F21E691-CF6F-44A2-BBAE-CA18E3B50E64}"
EndProject
Project("{FAE04EC0-301F-11D3-BF4B-00C04F79EFBC}") = "Tyuiu.BayazitovEA.Sprint4.Task4.V12", "Tyuiu.BayazitovEA.Sprint4.Task4.V12\Tyuiu.BayazitovEA.Sprint4.Task4.V12.csproj", "{EF18C419-91E0-42D0-8B8B-145978C4986F}"
EndProject
Global
	GlobalSection(SolutionConfigurationPlatforms) = preSolution
		Debug|Any CPU = Debug|Any CPU
		Release|Any CPU = Release|Any CPU
	EndGlobalSection
	GlobalSection(ProjectConfigurationPlatforms) = postSolution
		{529E00DB-68FF-45AE-830D-2EFCD89B2D48}.Debug|Any CPU.ActiveCfg = Debug|Any CPU
		{529E00DB-68FF-45AE-830D-2EFCD89B2D48}.Debug|Any CPU.Build.0 = Debug|Any CPU
		{529E00DB-68FF-45AE-830D-2EFCD89B2D48}.Release|Any CPU.ActiveCfg = Release|Any CPU
		{529E00DB-68FF-45AE-830D-2EFCD89B2D48}.Release|Any CPU.Build.0 = Release|Any CPU
		{12C37D84-C62C-440C-BFB2-AEC2A0AFD513}.Debug|Any CPU.ActiveCfg = Debug|Any CPU
		{12C37D84-C62C-440C-BFB2-AEC2A0AFD513}.Debug|Any CPU.Build.0 = Debug|Any CPU
		{12C37D84-C62C-440C-BFB2-AEC2A0AFD513}.Release|Any CPU.ActiveCfg = Release|Any CPU
		{12C37D84-C62C-440C-BFB2-AEC2A0AFD513}.Release|Any CPU.Build.0 = Release|Any CPU
		{F6A9B7A6-6B3E-4EA3-B32B-DF040AD773D5}.Debug|Any CPU.ActiveCfg = Debug|Any CPU
		{F6A9B7A6-6B3E-4EA3-B32B-DF040AD773D5}.Debug|Any CPU.Build.0 = Debug|Any CPU
		{F6A9B7A6-6B3E-4EA3-B32B-DF040AD773D5}.Release|Any CPU.ActiveCfg = Release|Any CPU
		{F6A9B7A6-6B3E-4EA3-B32B-DF040AD773D5}.Release|Any CPU.Build.0 = Release|Any CPU
		{C1249B4A-093C-47B0-804B-D276EFE42EA2}.Debug|Any CPU.ActiveCfg = Debug|Any CPU
		{C1249B4A-093C-47B0-804B-D276EFE42EA2}.Debug|Any CPU.Build.0 = Debug|Any CPU
		{C1249B4A-093C-47B0-804B-D276EFE42EA2}.Release|Any CPU.ActiveCfg = Release|Any CPU
		{C1249B4A-093C-47B0-804B-D276EFE42EA2}.Release|Any CPU.Build.0 = Release|Any CPU
		{5B573520-4AE0-4872-BAE7-54E6CC0F83FA}.Debug|Any CPU.ActiveCfg = Debug|Any CPU
		{5B573520-4AE0-4872-BAE7-54E6CC0F83FA}.Debug|Any CPU.Build.0 = Debug|Any CPU
		{5B573520-4AE0-4872-BAE7-54E6CC0F83FA}.Release|Any CPU.ActiveCfg = Release|Any CPU
		{5B573520-4AE0-4872-BAE7-54E6CC0F83FA}.Release|Any CPU.Build.0 = Release|Any CPU
		{34BBC759-FCB6-4376-B80D-49757E9CDA21}.Debug|Any CPU.ActiveCfg = Debug|Any CPU
		{34BBC759-FCB6-4376-B80D-49757E9CDA21}.Debug|Any CPU.Build.0 = Debug|Any CPU
		{34BBC759-FCB6-4376-B80D-49757E9CDA21}.Release|Any CPU.ActiveCfg = Release|Any CPU
		{34BBC759-FCB6-4376-B80D-49757E9CDA21}.Release|Any CPU.Build.0 = Release|Any CPU
		{C6C4437C-8A0B-4BB7-A561-B27294F2A18A}.Debug|Any CPU.ActiveCfg = Debug|Any CPU
		{C6C4437C-8A0B-4BB7-A561-B27294F2A18A}.Debug|Any CPU.Build.0 = Debug|Any CPU
		{C6C4437C-8A0B-4BB7-A561-B27294F2A18A}.Release|Any CPU.ActiveCfg = Release|Any CPU
		{C6C4437C-8A0B-4BB7-A561-B27294F2A18A}.Release|Any CPU.Build.0 = Release|Any CPU
		{BFC08F14-EA67-46B6-A80B-0A705F5F4941}.Debug|Any CPU.ActiveCfg = Debug|Any CPU
		{BFC08F14-EA67-46B6-A80B-0A705F5F4941}.Debug|Any CPU.Build.0 = Debug|Any CPU
		{BFC08F14-EA67-46B6-A80B-0A705F5F4941}.Release|Any CPU.ActiveCfg = Release|Any CPU
		{BFC08F14-EA67-46B6-A80B-0A705F5F4941}.Release|Any CPU.Build.0 = Release|Any CPU
		{80A6C74E-A38B-4CB3-B61C-5012D967EC6F}.Debug|Any CPU.ActiveCfg = Debug|Any CPU
		{80A6C74E-A38B-4CB3-B61C-5012D967EC6F}.Debug|Any CPU.Build.0 = Debug|Any CPU
		{80A6C74E-A38B-4CB3-B61C-5012D967EC6F}.Release|Any CPU.ActiveCfg = Release|Any CPU
		{80A6C74E-A38B-4CB3-B61C-5012D967EC6F}.Release|Any CPU.Build.0 = Release|Any CPU
		{3B6A6EF2-439C-4284-B927-30EBFD275326}.Debug|Any CPU.ActiveCfg = Debug|Any CPU
		{3B6A6EF2-439C-4284-B927-30EBFD275326}.Debug|Any CPU.Build.0 = Debug|Any CPU
		{3B6A6EF2-439C-4284-B927-30EBFD275326}.Release|Any CPU.ActiveCfg = Release|Any CPU
		{3B6A6EF2-439C-4284-B927-30EBFD275326}.Release|Any CPU.Build.0 = Release|Any CPU
		{2413B2A8-F3DD-439D-A9E5-081CF3F6BD2E}.Debug|Any CPU.ActiveCfg = Debug|Any CPU
		{2413B2A8-F3DD-439D-A9E5-081CF3F6BD2E}.Debug|Any CPU.Build.0 = Debug|Any CPU
		{2413B2A8-F3DD-439D-A9E5-081CF3F6BD2E}.Release|Any CPU.ActiveCfg = Release|Any CPU
		{2413B2A8-F3DD-439D-A9E5-081CF3F6BD2E}.Release|Any CPU.Build.0 = Release|Any CPU
		{F8E3B4ED-893E-4BA0-A105-A92C4934D934}.Debug|Any CPU.ActiveCfg = Debug|Any CPU
		{F8E3B4ED-893E-4BA0-A105-A92C4934D934}.Debug|Any CPU.Build.0 = Debug|Any CPU
		{F8E3B4ED-893E-4BA0-A105-A92C4934D934}.Release|Any CPU.ActiveCfg = Release|Any CPU
		{F8E3B4ED-893E-4BA0-A105-A92C4934D934}.Release|Any CPU.Build.0 = Release|Any CPU
		{A9B7D61C-333F-4B21-BDC6-AEA21262B985}.Debug|Any CPU.ActiveCfg = Debug|Any CPU
		{A9B7D61C-333F-4B21-BDC6-AEA21262B985}.Debug|Any CPU.Build.0 = Debug|Any CPU
		{A9B7D61C-333F-4B21-BDC6-AEA21262B985}.Release|Any CPU.ActiveCfg = Release|Any CPU
		{A9B7D61C-333F-4B21-BDC6-AEA21262B985}.Release|Any CPU.Build.0 = Release|Any CPU
		{1F21E691-CF6F-44A2-BBAE-CA18E3B50E64}.Debug|Any CPU.ActiveCfg = Debug|Any CPU
		{1F21E691-CF6F-44A2-BBAE-CA18E3B50E64}.Debug|Any CPU.Build.0 = Debug|Any CPU
		{1F21E691-CF6F-44A2-BBAE-CA18E3B50E64}.Release|Any CPU.ActiveCfg = Release|Any CPU
		{1F21E691-CF6F-44A2-BBAE-CA18E3B50E64}.Release|Any CPU.Build.0 = Release|Any CPU
		{EF18C419-91E0-42D0-8B8B-145978C4986F}.Debug|Any CPU.ActiveCfg = Debug|Any CPU
		{EF18C419-91E0-42D0-8B8B-145978C4986F}.Debug|Any CPU.Build.0 = Debug|Any CPU
		{EF18C419-91E0-42D0-8B8B-145978C4986F}.Release|Any CPU.ActiveCfg = Release|Any CPU
		{EF18C419-91E0-42D0-8B8B-145978C4986F}.Release|Any CPU.Build.0 = Release|Any CPU
	EndGlobalSection
	GlobalSection(SolutionProperties) = preSolution
		HideSolutionNode = FALSE
	EndGlobalSection
	GlobalSection(NestedProjects) = preSolution
		{529E00DB-68FF-45AE-830D-2EFCD89B2D48} = {02EA681E-C7D8-13C7-8484-4AC65E1B71E8}
		{12C37D84-C62C-440C-BFB2-AEC2A0AFD513} = {02EA681E-C7D8-13C7-8484-4AC65E1B71E8}
		{F6A9B7A6-6B3E-4EA3-B32B-DF040AD773D5} = {02EA681E-C7D8-13C7-8484-4AC65E1B71E8}
		{C1249B4A-093C-47B0-804B-D276EFE42EA2} = {FD9779A5-09E8-47F9-9A19-73013E5CDE4B}
		{5B573520-4AE0-4872-BAE7-54E6CC0F83FA} = {FD9779A5-09E8-47F9-9A19-73013E5CDE4B}
		{34BBC759-FCB6-4376-B80D-49757E9CDA21} = {FD9779A5-09E8-47F9-9A19-73013E5CDE4B}
		{C6C4437C-8A0B-4BB7-A561-B27294F2A18A} = {BA3EB77E-7737-49B0-A1AA-58B5A61F0D03}
		{BFC08F14-EA67-46B6-A80B-0A705F5F4941} = {BA3EB77E-7737-49B0-A1AA-58B5A61F0D03}
		{80A6C74E-A38B-4CB3-B61C-5012D967EC6F} = {BA3EB77E-7737-49B0-A1AA-58B5A61F0D03}
		{3B6A6EF2-439C-4284-B927-30EBFD275326} = {A1F5413C-D838-4BF1-A8B2-E13CFB599230}
		{2413B2A8-F3DD-439D-A9E5-081CF3F6BD2E} = {A1F5413C-D838-4BF1-A8B2-E13CFB599230}
		{F8E3B4ED-893E-4BA0-A105-A92C4934D934} = {A1F5413C-D838-4BF1-A8B2-E13CFB599230}
		{A9B7D61C-333F-4B21-BDC6-AEA21262B985} = {F756FDD2-9663-46E5-AA4D-A66B1218BD09}
		{1F21E691-CF6F-44A2-BBAE-CA18E3B50E64} = {F756FDD2-9663-46E5-AA4D-A66B1218BD09}
		{EF18C419-91E0-42D0-8B8B-145978C4986F} = {F756FDD2-9663-46E5-AA4D-A66B1218BD09}
	EndGlobalSection
	GlobalSection(ExtensibilityGlobals) = postSolution
		SolutionGuid = {5849DDAD-9501-42C3-A361-306E4A9C499B}
	EndGlobalSection
EndGlobal
